
Microsoft Visual Studio Solution File, Format Version 12.00
# Visual Studio Version 17
VisualStudioVersion = 17.9.34728.123
MinimumVisualStudioVersion = 10.0.40219.1
Project("{FAE04EC0-301F-11D3-BF4B-00C04F79EFBC}") = "Odev1", "Odev1\Odev1.csproj", "{2BD42518-39A9-4F17-A0E1-E6C180240D55}"
EndProject
Global
	GlobalSection(SolutionConfigurationPlatforms) = preSolution
		Debug|Any CPU = Debug|Any CPU
		Release|Any CPU = Release|Any CPU
	EndGlobalSection
	GlobalSection(ProjectConfigurationPlatforms) = postSolution
		{2BD42518-39A9-4F17-A0E1-E6C180240D55}.Debug|Any CPU.ActiveCfg = Debug|Any CPU
		{2BD42518-39A9-4F17-A0E1-E6C180240D55}.Debug|Any CPU.Build.0 = Debug|Any CPU
		{2BD42518-39A9-4F17-A0E1-E6C180240D55}.Release|Any CPU.ActiveCfg = Release|Any CPU
		{2BD42518-39A9-4F17-A0E1-E6C180240D55}.Release|Any CPU.Build.0 = Release|Any CPU
	EndGlobalSection
	GlobalSection(SolutionProperties) = preSolution
		HideSolutionNode = FALSE
	EndGlobalSection
	GlobalSection(ExtensibilityGlobals) = postSolution
		SolutionGuid = {403C57FD-214D-4FF9-B382-D27F1F6EC900}
	EndGlobalSection
EndGlobal
