
Microsoft Visual Studio Solution File, Format Version 12.00
# Visual Studio Version 17
VisualStudioVersion = 17.9.34728.123
MinimumVisualStudioVersion = 10.0.40219.1
Project("{FAE04EC0-301F-11D3-BF4B-00C04F79EFBC}") = "Sinif_Ornek", "Sinif_Ornek\Sinif_Ornek.csproj", "{1818185F-794F-43E7-9483-67C82BD1FDBF}"
EndProject
Global
	GlobalSection(SolutionConfigurationPlatforms) = preSolution
		Debug|Any CPU = Debug|Any CPU
		Release|Any CPU = Release|Any CPU
	EndGlobalSection
	GlobalSection(ProjectConfigurationPlatforms) = postSolution
		{1818185F-794F-43E7-9483-67C82BD1FDBF}.Debug|Any CPU.ActiveCfg = Debug|Any CPU
		{1818185F-794F-43E7-9483-67C82BD1FDBF}.Debug|Any CPU.Build.0 = Debug|Any CPU
		{1818185F-794F-43E7-9483-67C82BD1FDBF}.Release|Any CPU.ActiveCfg = Release|Any CPU
		{1818185F-794F-43E7-9483-67C82BD1FDBF}.Release|Any CPU.Build.0 = Release|Any CPU
	EndGlobalSection
	GlobalSection(SolutionProperties) = preSolution
		HideSolutionNode = FALSE
	EndGlobalSection
	GlobalSection(ExtensibilityGlobals) = postSolution
		SolutionGuid = {68912A39-ADBE-4494-AB75-A0E385D6E4C2}
	EndGlobalSection
EndGlobal
