
Microsoft Visual Studio Solution File, Format Version 12.00
# Visual Studio Version 17
VisualStudioVersion = 17.9.34728.123
MinimumVisualStudioVersion = 10.0.40219.1
Project("{FAE04EC0-301F-11D3-BF4B-00C04F79EFBC}") = "Point", "Point\Point.csproj", "{9C92ADFC-C0D0-47DB-BE28-6FC796B0CAE9}"
EndProject
Global
	GlobalSection(SolutionConfigurationPlatforms) = preSolution
		Debug|Any CPU = Debug|Any CPU
		Release|Any CPU = Release|Any CPU
	EndGlobalSection
	GlobalSection(ProjectConfigurationPlatforms) = postSolution
		{9C92ADFC-C0D0-47DB-BE28-6FC796B0CAE9}.Debug|Any CPU.ActiveCfg = Debug|Any CPU
		{9C92ADFC-C0D0-47DB-BE28-6FC796B0CAE9}.Debug|Any CPU.Build.0 = Debug|Any CPU
		{9C92ADFC-C0D0-47DB-BE28-6FC796B0CAE9}.Release|Any CPU.ActiveCfg = Release|Any CPU
		{9C92ADFC-C0D0-47DB-BE28-6FC796B0CAE9}.Release|Any CPU.Build.0 = Release|Any CPU
	EndGlobalSection
	GlobalSection(SolutionProperties) = preSolution
		HideSolutionNode = FALSE
	EndGlobalSection
	GlobalSection(ExtensibilityGlobals) = postSolution
		SolutionGuid = {15F567B8-0E9B-4176-8236-FE592AEDC548}
	EndGlobalSection
EndGlobal
