
Microsoft Visual Studio Solution File, Format Version 12.00
# Visual Studio Version 17
VisualStudioVersion = 17.9.34728.123
MinimumVisualStudioVersion = 10.0.40219.1
Project("{FAE04EC0-301F-11D3-BF4B-00C04F79EFBC}") = "FormlarArasi_VeriTasima", "FormlarArasi_VeriTasima\FormlarArasi_VeriTasima.csproj", "{D47447E4-AB25-46D6-B2DE-B90EFCC178ED}"
EndProject
Global
	GlobalSection(SolutionConfigurationPlatforms) = preSolution
		Debug|Any CPU = Debug|Any CPU
		Release|Any CPU = Release|Any CPU
	EndGlobalSection
	GlobalSection(ProjectConfigurationPlatforms) = postSolution
		{D47447E4-AB25-46D6-B2DE-B90EFCC178ED}.Debug|Any CPU.ActiveCfg = Debug|Any CPU
		{D47447E4-AB25-46D6-B2DE-B90EFCC178ED}.Debug|Any CPU.Build.0 = Debug|Any CPU
		{D47447E4-AB25-46D6-B2DE-B90EFCC178ED}.Release|Any CPU.ActiveCfg = Release|Any CPU
		{D47447E4-AB25-46D6-B2DE-B90EFCC178ED}.Release|Any CPU.Build.0 = Release|Any CPU
	EndGlobalSection
	GlobalSection(SolutionProperties) = preSolution
		HideSolutionNode = FALSE
	EndGlobalSection
	GlobalSection(ExtensibilityGlobals) = postSolution
		SolutionGuid = {EA935A6B-FD35-4FCC-A680-FF93DD85CCAC}
	EndGlobalSection
EndGlobal
