
Microsoft Visual Studio Solution File, Format Version 12.00
# Visual Studio Version 17
VisualStudioVersion = 17.9.34728.123
MinimumVisualStudioVersion = 10.0.40219.1
Project("{FAE04EC0-301F-11D3-BF4B-00C04F79EFBC}") = "Odev5", "Odev5\Odev5.csproj", "{CC757346-0975-49CF-9271-6E375AD19B68}"
EndProject
Global
	GlobalSection(SolutionConfigurationPlatforms) = preSolution
		Debug|Any CPU = Debug|Any CPU
		Release|Any CPU = Release|Any CPU
	EndGlobalSection
	GlobalSection(ProjectConfigurationPlatforms) = postSolution
		{CC757346-0975-49CF-9271-6E375AD19B68}.Debug|Any CPU.ActiveCfg = Debug|Any CPU
		{CC757346-0975-49CF-9271-6E375AD19B68}.Debug|Any CPU.Build.0 = Debug|Any CPU
		{CC757346-0975-49CF-9271-6E375AD19B68}.Release|Any CPU.ActiveCfg = Release|Any CPU
		{CC757346-0975-49CF-9271-6E375AD19B68}.Release|Any CPU.Build.0 = Release|Any CPU
	EndGlobalSection
	GlobalSection(SolutionProperties) = preSolution
		HideSolutionNode = FALSE
	EndGlobalSection
	GlobalSection(ExtensibilityGlobals) = postSolution
		SolutionGuid = {A8E58E41-5D0F-4557-A514-C4D6D2763D88}
	EndGlobalSection
EndGlobal
