
Microsoft Visual Studio Solution File, Format Version 12.00
# Visual Studio Version 17
VisualStudioVersion = 17.9.34728.123
MinimumVisualStudioVersion = 10.0.40219.1
Project("{FAE04EC0-301F-11D3-BF4B-00C04F79EFBC}") = "Timer", "Timer\Timer.csproj", "{A8905D34-B916-409C-B586-D11138D145C3}"
EndProject
Global
	GlobalSection(SolutionConfigurationPlatforms) = preSolution
		Debug|Any CPU = Debug|Any CPU
		Release|Any CPU = Release|Any CPU
	EndGlobalSection
	GlobalSection(ProjectConfigurationPlatforms) = postSolution
		{A8905D34-B916-409C-B586-D11138D145C3}.Debug|Any CPU.ActiveCfg = Debug|Any CPU
		{A8905D34-B916-409C-B586-D11138D145C3}.Debug|Any CPU.Build.0 = Debug|Any CPU
		{A8905D34-B916-409C-B586-D11138D145C3}.Release|Any CPU.ActiveCfg = Release|Any CPU
		{A8905D34-B916-409C-B586-D11138D145C3}.Release|Any CPU.Build.0 = Release|Any CPU
	EndGlobalSection
	GlobalSection(SolutionProperties) = preSolution
		HideSolutionNode = FALSE
	EndGlobalSection
	GlobalSection(ExtensibilityGlobals) = postSolution
		SolutionGuid = {40FDD4BB-DA92-4F54-B0A1-0204EC7E39D5}
	EndGlobalSection
EndGlobal
